
Microsoft Visual Studio Solution File, Format Version 12.00
# Visual Studio Version 17
VisualStudioVersion = 17.5.33424.131
MinimumVisualStudioVersion = 10.0.40219.1
Project("{9A19103F-16F7-4668-BE54-9A1E7A4F7556}") = "NotesWebMVC", "NotesWebMVC\NotesWebMVC.csproj", "{CA430583-57EF-4754-853A-A30D90ADB33F}"
EndProject
Project("{9A19103F-16F7-4668-BE54-9A1E7A4F7556}") = "NotesDAL", "NotesDAL\NotesDAL.csproj", "{EA57DBA3-11AC-43F4-96DD-F545F4F95168}"
EndProject
Project("{9A19103F-16F7-4668-BE54-9A1E7A4F7556}") = "NotesProcessor", "NotesProcessor\NotesProcessor.csproj", "{ADD9A21E-54E1-4D55-B753-E1C7A2349BF6}"
EndProject
Project("{9A19103F-16F7-4668-BE54-9A1E7A4F7556}") = "Contracts", "Contracts\Contracts.csproj", "{16792D58-06C1-43B1-A51D-D9D937DE2A2D}"
EndProject
Project("{FAE04EC0-301F-11D3-BF4B-00C04F79EFBC}") = "WpfNotesApp", "WpfNotesApp\WpfNotesApp.csproj", "{F5554099-1C8E-446C-9F10-6D9C53563E18}"
EndProject
Global
	GlobalSection(SolutionConfigurationPlatforms) = preSolution
		Debug|Any CPU = Debug|Any CPU
		Release|Any CPU = Release|Any CPU
	EndGlobalSection
	GlobalSection(ProjectConfigurationPlatforms) = postSolution
		{CA430583-57EF-4754-853A-A30D90ADB33F}.Debug|Any CPU.ActiveCfg = Debug|Any CPU
		{CA430583-57EF-4754-853A-A30D90ADB33F}.Debug|Any CPU.Build.0 = Debug|Any CPU
		{CA430583-57EF-4754-853A-A30D90ADB33F}.Release|Any CPU.ActiveCfg = Release|Any CPU
		{CA430583-57EF-4754-853A-A30D90ADB33F}.Release|Any CPU.Build.0 = Release|Any CPU
		{EA57DBA3-11AC-43F4-96DD-F545F4F95168}.Debug|Any CPU.ActiveCfg = Debug|Any CPU
		{EA57DBA3-11AC-43F4-96DD-F545F4F95168}.Debug|Any CPU.Build.0 = Debug|Any CPU
		{EA57DBA3-11AC-43F4-96DD-F545F4F95168}.Release|Any CPU.ActiveCfg = Release|Any CPU
		{EA57DBA3-11AC-43F4-96DD-F545F4F95168}.Release|Any CPU.Build.0 = Release|Any CPU
		{ADD9A21E-54E1-4D55-B753-E1C7A2349BF6}.Debug|Any CPU.ActiveCfg = Debug|Any CPU
		{ADD9A21E-54E1-4D55-B753-E1C7A2349BF6}.Debug|Any CPU.Build.0 = Debug|Any CPU
		{ADD9A21E-54E1-4D55-B753-E1C7A2349BF6}.Release|Any CPU.ActiveCfg = Release|Any CPU
		{ADD9A21E-54E1-4D55-B753-E1C7A2349BF6}.Release|Any CPU.Build.0 = Release|Any CPU
		{16792D58-06C1-43B1-A51D-D9D937DE2A2D}.Debug|Any CPU.ActiveCfg = Debug|Any CPU
		{16792D58-06C1-43B1-A51D-D9D937DE2A2D}.Debug|Any CPU.Build.0 = Debug|Any CPU
		{16792D58-06C1-43B1-A51D-D9D937DE2A2D}.Release|Any CPU.ActiveCfg = Release|Any CPU
		{16792D58-06C1-43B1-A51D-D9D937DE2A2D}.Release|Any CPU.Build.0 = Release|Any CPU
		{F5554099-1C8E-446C-9F10-6D9C53563E18}.Debug|Any CPU.ActiveCfg = Debug|Any CPU
		{F5554099-1C8E-446C-9F10-6D9C53563E18}.Debug|Any CPU.Build.0 = Debug|Any CPU
		{F5554099-1C8E-446C-9F10-6D9C53563E18}.Release|Any CPU.ActiveCfg = Release|Any CPU
		{F5554099-1C8E-446C-9F10-6D9C53563E18}.Release|Any CPU.Build.0 = Release|Any CPU
	EndGlobalSection
	GlobalSection(SolutionProperties) = preSolution
		HideSolutionNode = FALSE
	EndGlobalSection
	GlobalSection(ExtensibilityGlobals) = postSolution
		SolutionGuid = {63A32E81-24B9-4D66-A167-8B915D329CCE}
	EndGlobalSection
EndGlobal
